
Microsoft Visual Studio Solution File, Format Version 12.00
# Visual Studio Version 17
VisualStudioVersion = 17.5.002.0
MinimumVisualStudioVersion = 10.0.40219.1
Project("{9A19103F-16F7-4668-BE54-9A1E7A4F7556}") = "cappi", "cappi\cappi.csproj", "{09B5EE7B-27B2-4BAF-A680-4619BADFCFB0}"
EndProject
Global
	GlobalSection(SolutionConfigurationPlatforms) = preSolution
		Debug|Any CPU = Debug|Any CPU
		Release|Any CPU = Release|Any CPU
	EndGlobalSection
	GlobalSection(ProjectConfigurationPlatforms) = postSolution
		{09B5EE7B-27B2-4BAF-A680-4619BADFCFB0}.Debug|Any CPU.ActiveCfg = Debug|Any CPU
		{09B5EE7B-27B2-4BAF-A680-4619BADFCFB0}.Debug|Any CPU.Build.0 = Debug|Any CPU
		{09B5EE7B-27B2-4BAF-A680-4619BADFCFB0}.Release|Any CPU.ActiveCfg = Release|Any CPU
		{09B5EE7B-27B2-4BAF-A680-4619BADFCFB0}.Release|Any CPU.Build.0 = Release|Any CPU
	EndGlobalSection
	GlobalSection(SolutionProperties) = preSolution
		HideSolutionNode = FALSE
	EndGlobalSection
	GlobalSection(ExtensibilityGlobals) = postSolution
		SolutionGuid = {0A3393AC-5E4F-4157-9555-40D5B9BCD912}
	EndGlobalSection
EndGlobal
